
Microsoft Visual Studio Solution File, Format Version 12.00
# Visual Studio 15
VisualStudioVersion = 15.0.28307.705
MinimumVisualStudioVersion = 10.0.40219.1
Project("{9A19103F-16F7-4668-BE54-9A1E7A4F7556}") = "EmployeeManagement", "EmployeeManagement\EmployeeManagement.csproj", "{E9B55D42-F8A2-478D-9304-419CDBB5B46B}"
EndProject
Project("{9A19103F-16F7-4668-BE54-9A1E7A4F7556}") = "EmplyeeManagementTest", "EmplyeeManagementTest\EmplyeeManagementTest.csproj", "{FE7A454F-1CD6-4722-800B-79B874002398}"
EndProject
Project("{2150E333-8FDC-42A3-9474-1A3956D46DE8}") = "Solution Items", "Solution Items", "{35E9C8A4-2503-491D-81D7-CEAC371A67FF}"
	ProjectSection(SolutionItems) = preProject
		azure-pipelines-build.yaml = azure-pipelines-build.yaml
		README.md = README.md
	EndProjectSection
EndProject
Global
	GlobalSection(SolutionConfigurationPlatforms) = preSolution
		Debug|Any CPU = Debug|Any CPU
		Release|Any CPU = Release|Any CPU
	EndGlobalSection
	GlobalSection(ProjectConfigurationPlatforms) = postSolution
		{E9B55D42-F8A2-478D-9304-419CDBB5B46B}.Debug|Any CPU.ActiveCfg = Debug|Any CPU
		{E9B55D42-F8A2-478D-9304-419CDBB5B46B}.Debug|Any CPU.Build.0 = Debug|Any CPU
		{E9B55D42-F8A2-478D-9304-419CDBB5B46B}.Release|Any CPU.ActiveCfg = Release|Any CPU
		{E9B55D42-F8A2-478D-9304-419CDBB5B46B}.Release|Any CPU.Build.0 = Release|Any CPU
		{FE7A454F-1CD6-4722-800B-79B874002398}.Debug|Any CPU.ActiveCfg = Debug|Any CPU
		{FE7A454F-1CD6-4722-800B-79B874002398}.Debug|Any CPU.Build.0 = Debug|Any CPU
		{FE7A454F-1CD6-4722-800B-79B874002398}.Release|Any CPU.ActiveCfg = Release|Any CPU
		{FE7A454F-1CD6-4722-800B-79B874002398}.Release|Any CPU.Build.0 = Release|Any CPU
	EndGlobalSection
	GlobalSection(SolutionProperties) = preSolution
		HideSolutionNode = FALSE
	EndGlobalSection
	GlobalSection(ExtensibilityGlobals) = postSolution
		SolutionGuid = {F043B31F-73FF-4EC5-ABB4-8FAA6749465E}
	EndGlobalSection
EndGlobal
